
Microsoft Visual Studio Solution File, Format Version 12.00
# Visual Studio Version 17
VisualStudioVersion = 17.0.31903.59
MinimumVisualStudioVersion = 10.0.40219.1
Project("{2150E333-8FDC-42A3-9474-1A3956D46DE8}") = "src", "src", "{827E0CD3-B72D-47B6-A68D-7590B98EB39B}"
EndProject
Project("{FAE04EC0-301F-11D3-BF4B-00C04F79EFBC}") = "Sistema.Gestao.Empresarial.Api", "src\Sistema.Gestao.Empresarial.Api\Sistema.Gestao.Empresarial.Api.csproj", "{BA83817C-539E-4B71-A444-BC049393A78E}"
EndProject
Project("{FAE04EC0-301F-11D3-BF4B-00C04F79EFBC}") = "Sistema.Gestao.Empresarial.Application", "src\Sistema.Gestao.Empresarial.Application\Sistema.Gestao.Empresarial.Application.csproj", "{816A9F6F-327A-45A1-9E66-4487A80F6A63}"
EndProject
Project("{FAE04EC0-301F-11D3-BF4B-00C04F79EFBC}") = "Sistema.Gestao.Empresarial.Domain", "src\Sistema.Gestao.Empresarial.Domain\Sistema.Gestao.Empresarial.Domain.csproj", "{C05F9C42-6C5C-49EB-A16A-E2C343330572}"
EndProject
Project("{FAE04EC0-301F-11D3-BF4B-00C04F79EFBC}") = "Sistema.Gestao.Empresarial.Infrastructure", "src\Sistema.Gestao.Empresarial.Infrastructure\Sistema.Gestao.Empresarial.Infrastructure.csproj", "{28C162BA-43D3-4CDB-92D1-B5FC319CDADF}"
EndProject
Project("{FAE04EC0-301F-11D3-BF4B-00C04F79EFBC}") = "Sistema.Gestao.Empresarial.Worker", "src\Sistema.Gestao.Empresarial.Worker\Sistema.Gestao.Empresarial.Worker.csproj", "{F1B01FD6-A287-4DC3-8414-6E9A883F2DC9}"
EndProject
Project("{2150E333-8FDC-42A3-9474-1A3956D46DE8}") = "tests", "tests", "{0AB3BF05-4346-4AA6-1389-037BE0695223}"
EndProject
Project("{FAE04EC0-301F-11D3-BF4B-00C04F79EFBC}") = "Sistema.Gestao.Empresarial.IntegrationTests", "tests\Sistema.Gestao.Empresarial.IntegrationTests\Sistema.Gestao.Empresarial.IntegrationTests.csproj", "{B940C3D4-9140-478C-8CF6-67EB54A53BE5}"
EndProject
Project("{FAE04EC0-301F-11D3-BF4B-00C04F79EFBC}") = "Sistema.Gestao.Empresarial.UnitTests", "tests\Sistema.Gestao.Empresarial.UnitTests\Sistema.Gestao.Empresarial.UnitTests.csproj", "{6CAA4B67-BA5C-4725-9CDE-17C6F30CCE7E}"
EndProject
Global
	GlobalSection(SolutionConfigurationPlatforms) = preSolution
		Debug|Any CPU = Debug|Any CPU
		Debug|x64 = Debug|x64
		Debug|x86 = Debug|x86
		Release|Any CPU = Release|Any CPU
		Release|x64 = Release|x64
		Release|x86 = Release|x86
	EndGlobalSection
	GlobalSection(ProjectConfigurationPlatforms) = postSolution
		{BA83817C-539E-4B71-A444-BC049393A78E}.Debug|Any CPU.ActiveCfg = Debug|Any CPU
		{BA83817C-539E-4B71-A444-BC049393A78E}.Debug|Any CPU.Build.0 = Debug|Any CPU
		{BA83817C-539E-4B71-A444-BC049393A78E}.Debug|x64.ActiveCfg = Debug|Any CPU
		{BA83817C-539E-4B71-A444-BC049393A78E}.Debug|x64.Build.0 = Debug|Any CPU
		{BA83817C-539E-4B71-A444-BC049393A78E}.Debug|x86.ActiveCfg = Debug|Any CPU
		{BA83817C-539E-4B71-A444-BC049393A78E}.Debug|x86.Build.0 = Debug|Any CPU
		{BA83817C-539E-4B71-A444-BC049393A78E}.Release|Any CPU.ActiveCfg = Release|Any CPU
		{BA83817C-539E-4B71-A444-BC049393A78E}.Release|Any CPU.Build.0 = Release|Any CPU
		{BA83817C-539E-4B71-A444-BC049393A78E}.Release|x64.ActiveCfg = Release|Any CPU
		{BA83817C-539E-4B71-A444-BC049393A78E}.Release|x64.Build.0 = Release|Any CPU
		{BA83817C-539E-4B71-A444-BC049393A78E}.Release|x86.ActiveCfg = Release|Any CPU
		{BA83817C-539E-4B71-A444-BC049393A78E}.Release|x86.Build.0 = Release|Any CPU
		{816A9F6F-327A-45A1-9E66-4487A80F6A63}.Debug|Any CPU.ActiveCfg = Debug|Any CPU
		{816A9F6F-327A-45A1-9E66-4487A80F6A63}.Debug|Any CPU.Build.0 = Debug|Any CPU
		{816A9F6F-327A-45A1-9E66-4487A80F6A63}.Debug|x64.ActiveCfg = Debug|Any CPU
		{816A9F6F-327A-45A1-9E66-4487A80F6A63}.Debug|x64.Build.0 = Debug|Any CPU
		{816A9F6F-327A-45A1-9E66-4487A80F6A63}.Debug|x86.ActiveCfg = Debug|Any CPU
		{816A9F6F-327A-45A1-9E66-4487A80F6A63}.Debug|x86.Build.0 = Debug|Any CPU
		{816A9F6F-327A-45A1-9E66-4487A80F6A63}.Release|Any CPU.ActiveCfg = Release|Any CPU
		{816A9F6F-327A-45A1-9E66-4487A80F6A63}.Release|Any CPU.Build.0 = Release|Any CPU
		{816A9F6F-327A-45A1-9E66-4487A80F6A63}.Release|x64.ActiveCfg = Release|Any CPU
		{816A9F6F-327A-45A1-9E66-4487A80F6A63}.Release|x64.Build.0 = Release|Any CPU
		{816A9F6F-327A-45A1-9E66-4487A80F6A63}.Release|x86.ActiveCfg = Release|Any CPU
		{816A9F6F-327A-45A1-9E66-4487A80F6A63}.Release|x86.Build.0 = Release|Any CPU
		{C05F9C42-6C5C-49EB-A16A-E2C343330572}.Debug|Any CPU.ActiveCfg = Debug|Any CPU
		{C05F9C42-6C5C-49EB-A16A-E2C343330572}.Debug|Any CPU.Build.0 = Debug|Any CPU
		{C05F9C42-6C5C-49EB-A16A-E2C343330572}.Debug|x64.ActiveCfg = Debug|Any CPU
		{C05F9C42-6C5C-49EB-A16A-E2C343330572}.Debug|x64.Build.0 = Debug|Any CPU
		{C05F9C42-6C5C-49EB-A16A-E2C343330572}.Debug|x86.ActiveCfg = Debug|Any CPU
		{C05F9C42-6C5C-49EB-A16A-E2C343330572}.Debug|x86.Build.0 = Debug|Any CPU
		{C05F9C42-6C5C-49EB-A16A-E2C343330572}.Release|Any CPU.ActiveCfg = Release|Any CPU
		{C05F9C42-6C5C-49EB-A16A-E2C343330572}.Release|Any CPU.Build.0 = Release|Any CPU
		{C05F9C42-6C5C-49EB-A16A-E2C343330572}.Release|x64.ActiveCfg = Release|Any CPU
		{C05F9C42-6C5C-49EB-A16A-E2C343330572}.Release|x64.Build.0 = Release|Any CPU
		{C05F9C42-6C5C-49EB-A16A-E2C343330572}.Release|x86.ActiveCfg = Release|Any CPU
		{C05F9C42-6C5C-49EB-A16A-E2C343330572}.Release|x86.Build.0 = Release|Any CPU
		{28C162BA-43D3-4CDB-92D1-B5FC319CDADF}.Debug|Any CPU.ActiveCfg = Debug|Any CPU
		{28C162BA-43D3-4CDB-92D1-B5FC319CDADF}.Debug|Any CPU.Build.0 = Debug|Any CPU
		{28C162BA-43D3-4CDB-92D1-B5FC319CDADF}.Debug|x64.ActiveCfg = Debug|Any CPU
		{28C162BA-43D3-4CDB-92D1-B5FC319CDADF}.Debug|x64.Build.0 = Debug|Any CPU
		{28C162BA-43D3-4CDB-92D1-B5FC319CDADF}.Debug|x86.ActiveCfg = Debug|Any CPU
		{28C162BA-43D3-4CDB-92D1-B5FC319CDADF}.Debug|x86.Build.0 = Debug|Any CPU
		{28C162BA-43D3-4CDB-92D1-B5FC319CDADF}.Release|Any CPU.ActiveCfg = Release|Any CPU
		{28C162BA-43D3-4CDB-92D1-B5FC319CDADF}.Release|Any CPU.Build.0 = Release|Any CPU
		{28C162BA-43D3-4CDB-92D1-B5FC319CDADF}.Release|x64.ActiveCfg = Release|Any CPU
		{28C162BA-43D3-4CDB-92D1-B5FC319CDADF}.Release|x64.Build.0 = Release|Any CPU
		{28C162BA-43D3-4CDB-92D1-B5FC319CDADF}.Release|x86.ActiveCfg = Release|Any CPU
		{28C162BA-43D3-4CDB-92D1-B5FC319CDADF}.Release|x86.Build.0 = Release|Any CPU
		{F1B01FD6-A287-4DC3-8414-6E9A883F2DC9}.Debug|Any CPU.ActiveCfg = Debug|Any CPU
		{F1B01FD6-A287-4DC3-8414-6E9A883F2DC9}.Debug|Any CPU.Build.0 = Debug|Any CPU
		{F1B01FD6-A287-4DC3-8414-6E9A883F2DC9}.Debug|x64.ActiveCfg = Debug|Any CPU
		{F1B01FD6-A287-4DC3-8414-6E9A883F2DC9}.Debug|x64.Build.0 = Debug|Any CPU
		{F1B01FD6-A287-4DC3-8414-6E9A883F2DC9}.Debug|x86.ActiveCfg = Debug|Any CPU
		{F1B01FD6-A287-4DC3-8414-6E9A883F2DC9}.Debug|x86.Build.0 = Debug|Any CPU
		{F1B01FD6-A287-4DC3-8414-6E9A883F2DC9}.Release|Any CPU.ActiveCfg = Release|Any CPU
		{F1B01FD6-A287-4DC3-8414-6E9A883F2DC9}.Release|Any CPU.Build.0 = Release|Any CPU
		{F1B01FD6-A287-4DC3-8414-6E9A883F2DC9}.Release|x64.ActiveCfg = Release|Any CPU
		{F1B01FD6-A287-4DC3-8414-6E9A883F2DC9}.Release|x64.Build.0 = Release|Any CPU
		{F1B01FD6-A287-4DC3-8414-6E9A883F2DC9}.Release|x86.ActiveCfg = Release|Any CPU
		{F1B01FD6-A287-4DC3-8414-6E9A883F2DC9}.Release|x86.Build.0 = Release|Any CPU
		{B940C3D4-9140-478C-8CF6-67EB54A53BE5}.Debug|Any CPU.ActiveCfg = Debug|Any CPU
		{B940C3D4-9140-478C-8CF6-67EB54A53BE5}.Debug|Any CPU.Build.0 = Debug|Any CPU
		{B940C3D4-9140-478C-8CF6-67EB54A53BE5}.Debug|x64.ActiveCfg = Debug|Any CPU
		{B940C3D4-9140-478C-8CF6-67EB54A53BE5}.Debug|x64.Build.0 = Debug|Any CPU
		{B940C3D4-9140-478C-8CF6-67EB54A53BE5}.Debug|x86.ActiveCfg = Debug|Any CPU
		{B940C3D4-9140-478C-8CF6-67EB54A53BE5}.Debug|x86.Build.0 = Debug|Any CPU
		{B940C3D4-9140-478C-8CF6-67EB54A53BE5}.Release|Any CPU.ActiveCfg = Release|Any CPU
		{B940C3D4-9140-478C-8CF6-67EB54A53BE5}.Release|Any CPU.Build.0 = Release|Any CPU
		{B940C3D4-9140-478C-8CF6-67EB54A53BE5}.Release|x64.ActiveCfg = Release|Any CPU
		{B940C3D4-9140-478C-8CF6-67EB54A53BE5}.Release|x64.Build.0 = Release|Any CPU
		{B940C3D4-9140-478C-8CF6-67EB54A53BE5}.Release|x86.ActiveCfg = Release|Any CPU
		{B940C3D4-9140-478C-8CF6-67EB54A53BE5}.Release|x86.Build.0 = Release|Any CPU
		{6CAA4B67-BA5C-4725-9CDE-17C6F30CCE7E}.Debug|Any CPU.ActiveCfg = Debug|Any CPU
		{6CAA4B67-BA5C-4725-9CDE-17C6F30CCE7E}.Debug|Any CPU.Build.0 = Debug|Any CPU
		{6CAA4B67-BA5C-4725-9CDE-17C6F30CCE7E}.Debug|x64.ActiveCfg = Debug|Any CPU
		{6CAA4B67-BA5C-4725-9CDE-17C6F30CCE7E}.Debug|x64.Build.0 = Debug|Any CPU
		{6CAA4B67-BA5C-4725-9CDE-17C6F30CCE7E}.Debug|x86.ActiveCfg = Debug|Any CPU
		{6CAA4B67-BA5C-4725-9CDE-17C6F30CCE7E}.Debug|x86.Build.0 = Debug|Any CPU
		{6CAA4B67-BA5C-4725-9CDE-17C6F30CCE7E}.Release|Any CPU.ActiveCfg = Release|Any CPU
		{6CAA4B67-BA5C-4725-9CDE-17C6F30CCE7E}.Release|Any CPU.Build.0 = Release|Any CPU
		{6CAA4B67-BA5C-4725-9CDE-17C6F30CCE7E}.Release|x64.ActiveCfg = Release|Any CPU
		{6CAA4B67-BA5C-4725-9CDE-17C6F30CCE7E}.Release|x64.Build.0 = Release|Any CPU
		{6CAA4B67-BA5C-4725-9CDE-17C6F30CCE7E}.Release|x86.ActiveCfg = Release|Any CPU
		{6CAA4B67-BA5C-4725-9CDE-17C6F30CCE7E}.Release|x86.Build.0 = Release|Any CPU
	EndGlobalSection
	GlobalSection(SolutionProperties) = preSolution
		HideSolutionNode = FALSE
	EndGlobalSection
	GlobalSection(NestedProjects) = preSolution
		{BA83817C-539E-4B71-A444-BC049393A78E} = {827E0CD3-B72D-47B6-A68D-7590B98EB39B}
		{816A9F6F-327A-45A1-9E66-4487A80F6A63} = {827E0CD3-B72D-47B6-A68D-7590B98EB39B}
		{C05F9C42-6C5C-49EB-A16A-E2C343330572} = {827E0CD3-B72D-47B6-A68D-7590B98EB39B}
		{28C162BA-43D3-4CDB-92D1-B5FC319CDADF} = {827E0CD3-B72D-47B6-A68D-7590B98EB39B}
		{F1B01FD6-A287-4DC3-8414-6E9A883F2DC9} = {827E0CD3-B72D-47B6-A68D-7590B98EB39B}
		{B940C3D4-9140-478C-8CF6-67EB54A53BE5} = {0AB3BF05-4346-4AA6-1389-037BE0695223}
		{6CAA4B67-BA5C-4725-9CDE-17C6F30CCE7E} = {0AB3BF05-4346-4AA6-1389-037BE0695223}
	EndGlobalSection
EndGlobal
